
Microsoft Visual Studio Solution File, Format Version 12.00
# Visual Studio 15
VisualStudioVersion = 15.0.28010.2046
MinimumVisualStudioVersion = 10.0.40219.1
Project("{FAE04EC0-301F-11D3-BF4B-00C04F79EFBC}") = "dotless.Core.NamedThemes", "dotless.Namedthemes\dotless.Core.NamedThemes.csproj", "{C834A8FE-07AE-4B0C-9C92-5029C281A531}"
EndProject
Project("{FAE04EC0-301F-11D3-BF4B-00C04F79EFBC}") = "dotless.NamedThemes.SampleSite", "dotless.NamedThemes.SampleSite\dotless.NamedThemes.SampleSite.csproj", "{4B7B6CB7-0708-4F20-9EDC-6180730E6F19}"
EndProject
Project("{2150E333-8FDC-42A3-9474-1A3956D46DE8}") = ".nuget", ".nuget", "{FED40160-63F5-44CF-9799-3227E1A480CC}"
	ProjectSection(SolutionItems) = preProject
		.nuget\NuGet.Config = .nuget\NuGet.Config
		.nuget\NuGet.exe = .nuget\NuGet.exe
		.nuget\NuGet.targets = .nuget\NuGet.targets
	EndProjectSection
EndProject
Global
	GlobalSection(SolutionConfigurationPlatforms) = preSolution
		Debug|Any CPU = Debug|Any CPU
		Release|Any CPU = Release|Any CPU
	EndGlobalSection
	GlobalSection(ProjectConfigurationPlatforms) = postSolution
		{C834A8FE-07AE-4B0C-9C92-5029C281A531}.Debug|Any CPU.ActiveCfg = Debug|Any CPU
		{C834A8FE-07AE-4B0C-9C92-5029C281A531}.Debug|Any CPU.Build.0 = Debug|Any CPU
		{C834A8FE-07AE-4B0C-9C92-5029C281A531}.Release|Any CPU.ActiveCfg = Release|Any CPU
		{C834A8FE-07AE-4B0C-9C92-5029C281A531}.Release|Any CPU.Build.0 = Release|Any CPU
		{4B7B6CB7-0708-4F20-9EDC-6180730E6F19}.Debug|Any CPU.ActiveCfg = Debug|Any CPU
		{4B7B6CB7-0708-4F20-9EDC-6180730E6F19}.Debug|Any CPU.Build.0 = Debug|Any CPU
		{4B7B6CB7-0708-4F20-9EDC-6180730E6F19}.Release|Any CPU.ActiveCfg = Release|Any CPU
		{4B7B6CB7-0708-4F20-9EDC-6180730E6F19}.Release|Any CPU.Build.0 = Release|Any CPU
	EndGlobalSection
	GlobalSection(SolutionProperties) = preSolution
		HideSolutionNode = FALSE
	EndGlobalSection
	GlobalSection(ExtensibilityGlobals) = postSolution
		SolutionGuid = {4E9B6FA9-D538-479B-8965-2CDF16587361}
	EndGlobalSection
EndGlobal
